{
  "name": "jetlinks-docs",
  "requires": true,
  "lockfileVersion": 1,
  "dependencies": {
    "vuepress-plugin-medium-zoom": {
      "version": "1.1.8",
      "resolved": "https://registry.npm.taobao.org/vuepress-plugin-medium-zoom/download/vuepress-plugin-medium-zoom-1.1.8.tgz",
      "integrity": "sha1-ux6lzdUO/SGLOFtfX+RsPh0tTsE=",
      "dev": true,
      "requires": {
        "medium-zoom": "^1.0.4"
      }
    }
  }
}
