# THIS IS AN AUTOGENERATED FILE. DO NOT EDIT THIS FILE DIRECTLY.
# yarn lockfile v1


medium-zoom@^1.0.4:
  version "1.0.6"
  resolved "https://registry.npmmirror.com/medium-zoom/-/medium-zoom-1.0.6.tgz#9247f21ca9313d8bbe9420aca153a410df08d027"
  integrity sha512-UdiUWfvz9fZMg1pzf4dcuqA0W079o0mpqbTnOz5ip4VGYX96QjmbM+OgOU/0uOzAytxC0Ny4z+VcYQnhdifimg==

vuepress-plugin-medium-zoom@^1.1.8:
  version "1.1.9"
  resolved "https://registry.npmmirror.com/vuepress-plugin-medium-zoom/-/vuepress-plugin-medium-zoom-1.1.9.tgz#d0e77cca52a2e1c4a4ab94ecc35f3377f834fd92"
  integrity sha512-kmHdTkoHez7zB8r1EE0ySLQnnf7Cpdie3LPI2h7FwKbvK+DKSGOsJ9WAVLWZ1WInzv+LppGz94f8l76B+nOThA==
  dependencies:
    medium-zoom "^1.0.4"
